// !$*UTF8*$!
{
	archiveVersion = 1;
	classes = {
	};
	objectVersion = 50;
	objects = {

/* Begin PBXBuildFile section */
		603BB35C2352434E00C3F2D5 /* AppDelegate.swift in Sources */ = {isa = PBXBuildFile; fileRef = 603BB35B2352434E00C3F2D5 /* AppDelegate.swift */; };
		603BB35E2352434E00C3F2D5 /* SceneDelegate.swift in Sources */ = {isa = PBXBuildFile; fileRef = 603BB35D2352434E00C3F2D5 /* SceneDelegate.swift */; };
		603BB3632352434E00C3F2D5 /* Main.storyboard in Resources */ = {isa = PBXBuildFile; fileRef = 603BB3612352434E00C3F2D5 /* Main.storyboard */; };
		603BB3652352435000C3F2D5 /* Assets.xcassets in Resources */ = {isa = PBXBuildFile; fileRef = 603BB3642352435000C3F2D5 /* Assets.xcassets */; };
		603BB3682352435000C3F2D5 /* LaunchScreen.storyboard in Resources */ = {isa = PBXBuildFile; fileRef = 603BB3662352435000C3F2D5 /* LaunchScreen.storyboard */; };
		603BB3732352435000C3F2D5 /* Tumblr_LabTests.swift in Sources */ = {isa = PBXBuildFile; fileRef = 603BB3722352435000C3F2D5 /* Tumblr_LabTests.swift */; };
		603BB37E2352435000C3F2D5 /* Tumblr_LabUITests.swift in Sources */ = {isa = PBXBuildFile; fileRef = 603BB37D2352435000C3F2D5 /* Tumblr_LabUITests.swift */; };
		603BB38C235243DD00C3F2D5 /* PhotosViewController.swift in Sources */ = {isa = PBXBuildFile; fileRef = 603BB38B235243DD00C3F2D5 /* PhotosViewController.swift */; };
		609DFFDD235A343300751E2D /* detailViewController.swift in Sources */ = {isa = PBXBuildFile; fileRef = 609DFFDC235A343300751E2D /* detailViewController.swift */; };
		60C4266D235A31DB006A7216 /* photoCell.swift in Sources */ = {isa = PBXBuildFile; fileRef = 60C4266B235A31DB006A7216 /* photoCell.swift */; };
/* End PBXBuildFile section */

/* Begin PBXContainerItemProxy section */
		603BB36F2352435000C3F2D5 /* PBXContainerItemProxy */ = {
			isa = PBXContainerItemProxy;
			containerPortal = 603BB3502352434E00C3F2D5 /* Project object */;
			proxyType = 1;
			remoteGlobalIDString = 603BB3572352434E00C3F2D5;
			remoteInfo = Tumblr_Lab;
		};
		603BB37A2352435000C3F2D5 /* PBXContainerItemProxy */ = {
			isa = PBXContainerItemProxy;
			containerPortal = 603BB3502352434E00C3F2D5 /* Project object */;
			proxyType = 1;
			remoteGlobalIDString = 603BB3572352434E00C3F2D5;
			remoteInfo = Tumblr_Lab;
		};
/* End PBXContainerItemProxy section */

/* Begin PBXFileReference section */
		603BB3582352434E00C3F2D5 /* Tumblr_Lab.app */ = {isa = PBXFileReference; explicitFileType = wrapper.application; includeInIndex = 0; path = Tumblr_Lab.app; sourceTree = BUILT_PRODUCTS_DIR; };
		603BB35B2352434E00C3F2D5 /* AppDelegate.swift */ = {isa = PBXFileReference; lastKnownFileType = sourcecode.swift; path = AppDelegate.swift; sourceTree = "<group>"; };
		603BB35D2352434E00C3F2D5 /* SceneDelegate.swift */ = {isa = PBXFileReference; lastKnownFileType = sourcecode.swift; path = SceneDelegate.swift; sourceTree = "<group>"; };
		603BB3622352434E00C3F2D5 /* Base */ = {isa = PBXFileReference; lastKnownFileType = file.storyboard; name = Base; path = Base.lproj/Main.storyboard; sourceTree = "<group>"; };
		603BB3642352435000C3F2D5 /* Assets.xcassets */ = {isa = PBXFileReference; lastKnownFileType = folder.assetcatalog; path = Assets.xcassets; sourceTree = "<group>"; };
		603BB3672352435000C3F2D5 /* Base */ = {isa = PBXFileReference; lastKnownFileType = file.storyboard; name = Base; path = Base.lproj/LaunchScreen.storyboard; sourceTree = "<group>"; };
		603BB3692352435000C3F2D5 /* Info.plist */ = {isa = PBXFileReference; lastKnownFileType = text.plist.xml; path = Info.plist; sourceTree = "<group>"; };
		603BB36E2352435000C3F2D5 /* Tumblr_LabTests.xctest */ = {isa = PBXFileReference; explicitFileType = wrapper.cfbundle; includeInIndex = 0; path = Tumblr_LabTests.xctest; sourceTree = BUILT_PRODUCTS_DIR; };
		603BB3722352435000C3F2D5 /* Tumblr_LabTests.swift */ = {isa = PBXFileReference; lastKnownFileType = sourcecode.swift; path = Tumblr_LabTests.swift; sourceTree = "<group>"; };
		603BB3742352435000C3F2D5 /* Info.plist */ = {isa = PBXFileReference; lastKnownFileType = text.plist.xml; path = Info.plist; sourceTree = "<group>"; };
		603BB3792352435000C3F2D5 /* Tumblr_LabUITests.xctest */ = {isa = PBXFileReference; explicitFileType = wrapper.cfbundle; includeInIndex = 0; path = Tumblr_LabUITests.xctest; sourceTree = BUILT_PRODUCTS_DIR; };
		603BB37D2352435000C3F2D5 /* Tumblr_LabUITests.swift */ = {isa = PBXFileReference; lastKnownFileType = sourcecode.swift; path = Tumblr_LabUITests.swift; sourceTree = "<group>"; };
		603BB37F2352435000C3F2D5 /* Info.plist */ = {isa = PBXFileReference; lastKnownFileType = text.plist.xml; path = Info.plist; sourceTree = "<group>"; };
		603BB38B235243DD00C3F2D5 /* PhotosViewController.swift */ = {isa = PBXFileReference; lastKnownFileType = sourcecode.swift; path = PhotosViewController.swift; sourceTree = "<group>"; };
		609DFFDC235A343300751E2D /* detailViewController.swift */ = {isa = PBXFileReference; lastKnownFileType = sourcecode.swift; path = detailViewController.swift; sourceTree = "<group>"; };
		60C4266C235A31DB006A7216 /* Base */ = {isa = PBXFileReference; lastKnownFileType = sourcecode.swift; name = Base; path = Base.lproj/photoCell.swift; sourceTree = "<group>"; };
/* End PBXFileReference section */

/* Begin PBXFrameworksBuildPhase section */
		603BB3552352434E00C3F2D5 /* Frameworks */ = {
			isa = PBXFrameworksBuildPhase;
			buildActionMask = 2147483647;
			files = (
			);
			runOnlyForDeploymentPostprocessing = 0;
		};
		603BB36B2352435000C3F2D5 /* Frameworks */ = {
			isa = PBXFrameworksBuildPhase;
			buildActionMask = 2147483647;
			files = (
			);
			runOnlyForDeploymentPostprocessing = 0;
		};
		603BB3762352435000C3F2D5 /* Frameworks */ = {
			isa = PBXFrameworksBuildPhase;
			buildActionMask = 2147483647;
			files = (
			);
			runOnlyForDeploymentPostprocessing = 0;
		};
/* End PBXFrameworksBuildPhase section */

/* Begin PBXGroup section */
		603BB34F2352434E00C3F2D5 = {
			isa = PBXGroup;
			children = (
				603BB35A2352434E00C3F2D5 /* Tumblr_Lab */,
				603BB3712352435000C3F2D5 /* Tumblr_LabTests */,
				603BB37C2352435000C3F2D5 /* Tumblr_LabUITests */,
				603BB3592352434E00C3F2D5 /* Products */,
			);
			sourceTree = "<group>";
		};
		603BB3592352434E00C3F2D5 /* Products */ = {
			isa = PBXGroup;
			children = (
				603BB3582352434E00C3F2D5 /* Tumblr_Lab.app */,
				603BB36E2352435000C3F2D5 /* Tumblr_LabTests.xctest */,
				603BB3792352435000C3F2D5 /* Tumblr_LabUITests.xctest */,
			);
			name = Products;
			sourceTree = "<group>";
		};
		603BB35A2352434E00C3F2D5 /* Tumblr_Lab */ = {
			isa = PBXGroup;
			children = (
				603BB35B2352434E00C3F2D5 /* AppDelegate.swift */,
				603BB35D2352434E00C3F2D5 /* SceneDelegate.swift */,
				603BB38B235243DD00C3F2D5 /* PhotosViewController.swift */,
				609DFFDC235A343300751E2D /* detailViewController.swift */,
				603BB3612352434E00C3F2D5 /* Main.storyboard */,
				60C4266B235A31DB006A7216 /* photoCell.swift */,
				603BB3642352435000C3F2D5 /* Assets.xcassets */,
				603BB3662352435000C3F2D5 /* LaunchScreen.storyboard */,
				603BB3692352435000C3F2D5 /* Info.plist */,
			);
			path = Tumblr_Lab;
			sourceTree = "<group>";
		};
		603BB3712352435000C3F2D5 /* Tumblr_LabTests */ = {
			isa = PBXGroup;
			children = (
				603BB3722352435000C3F2D5 /* Tumblr_LabTests.swift */,
				603BB3742352435000C3F2D5 /* Info.plist */,
			);
			path = Tumblr_LabTests;
			sourceTree = "<group>";
		};
		603BB37C2352435000C3F2D5 /* Tumblr_LabUITests */ = {
			isa = PBXGroup;
			children = (
				603BB37D2352435000C3F2D5 /* Tumblr_LabUITests.swift */,
				603BB37F2352435000C3F2D5 /* Info.plist */,
			);
			path = Tumblr_LabUITests;
			sourceTree = "<group>";
		};
/* End PBXGroup section */

/* Begin PBXNativeTarget section */
		603BB3572352434E00C3F2D5 /* Tumblr_Lab */ = {
			isa = PBXNativeTarget;
			buildConfigurationList = 603BB3822352435000C3F2D5 /* Build configuration list for PBXNativeTarget "Tumblr_Lab" */;
			buildPhases = (
				603BB3542352434E00C3F2D5 /* Sources */,
				603BB3552352434E00C3F2D5 /* Frameworks */,
				603BB3562352434E00C3F2D5 /* Resources */,
			);
			buildRules = (
			);
			dependencies = (
			);
			name = Tumblr_Lab;
			productName = Tumblr_Lab;
			productReference = 603BB3582352434E00C3F2D5 /* Tumblr_Lab.app */;
			productType = "com.apple.product-type.application";
		};
		603BB36D2352435000C3F2D5 /* Tumblr_LabTests */ = {
			isa = PBXNativeTarget;
			buildConfigurationList = 603BB3852352435000C3F2D5 /* Build configuration list for PBXNativeTarget "Tumblr_LabTests" */;
			buildPhases = (
				603BB36A2352435000C3F2D5 /* Sources */,
				603BB36B2352435000C3F2D5 /* Frameworks */,
				603BB36C2352435000C3F2D5 /* Resources */,
			);
			buildRules = (
			);
			dependencies = (
				603BB3702352435000C3F2D5 /* PBXTargetDependency */,
			);
			name = Tumblr_LabTests;
			productName = Tumblr_LabTests;
			productReference = 603BB36E2352435000C3F2D5 /* Tumblr_LabTests.xctest */;
			productType = "com.apple.product-type.bundle.unit-test";
		};
		603BB3782352435000C3F2D5 /* Tumblr_LabUITests */ = {
			isa = PBXNativeTarget;
			buildConfigurationList = 603BB3882352435000C3F2D5 /* Build configuration list for PBXNativeTarget "Tumblr_LabUITests" */;
			buildPhases = (
				603BB3752352435000C3F2D5 /* Sources */,
				603BB3762352435000C3F2D5 /* Frameworks */,
				603BB3772352435000C3F2D5 /* Resources */,
			);
			buildRules = (
			);
			dependencies = (
				603BB37B2352435000C3F2D5 /* PBXTargetDependency */,
			);
			name = Tumblr_LabUITests;
			productName = Tumblr_LabUITests;
			productReference = 603BB3792352435000C3F2D5 /* Tumblr_LabUITests.xctest */;
			productType = "com.apple.product-type.bundle.ui-testing";
		};
/* End PBXNativeTarget section */

/* Begin PBXProject section */
		603BB3502352434E00C3F2D5 /* Project object */ = {
			isa = PBXProject;
			attributes = {
				LastSwiftUpdateCheck = 1100;
				LastUpgradeCheck = 1100;
				ORGANIZATIONNAME = codepath;
				TargetAttributes = {
					603BB3572352434E00C3F2D5 = {
						CreatedOnToolsVersion = 11.0;
					};
					603BB36D2352435000C3F2D5 = {
						CreatedOnToolsVersion = 11.0;
						TestTargetID = 603BB3572352434E00C3F2D5;
					};
					603BB3782352435000C3F2D5 = {
						CreatedOnToolsVersion = 11.0;
						TestTargetID = 603BB3572352434E00C3F2D5;
					};
				};
			};
			buildConfigurationList = 603BB3532352434E00C3F2D5 /* Build configuration list for PBXProject "Tumblr_Lab" */;
			compatibilityVersion = "Xcode 9.3";
			developmentRegion = en;
			hasScannedForEncodings = 0;
			knownRegions = (
				en,
				Base,
			);
			mainGroup = 603BB34F2352434E00C3F2D5;
			productRefGroup = 603BB3592352434E00C3F2D5 /* Products */;
			projectDirPath = "";
			projectRoot = "";
			targets = (
				603BB3572352434E00C3F2D5 /* Tumblr_Lab */,
				603BB36D2352435000C3F2D5 /* Tumblr_LabTests */,
				603BB3782352435000C3F2D5 /* Tumblr_LabUITests */,
			);
		};
/* End PBXProject section */

/* Begin PBXResourcesBuildPhase section */
		603BB3562352434E00C3F2D5 /* Resources */ = {
			isa = PBXResourcesBuildPhase;
			buildActionMask = 2147483647;
			files = (
				603BB3682352435000C3F2D5 /* LaunchScreen.storyboard in Resources */,
				603BB3652352435000C3F2D5 /* Assets.xcassets in Resources */,
				603BB3632352434E00C3F2D5 /* Main.storyboard in Resources */,
			);
			runOnlyForDeploymentPostprocessing = 0;
		};
		603BB36C2352435000C3F2D5 /* Resources */ = {
			isa = PBXResourcesBuildPhase;
			buildActionMask = 2147483647;
			files = (
			);
			runOnlyForDeploymentPostprocessing = 0;
		};
		603BB3772352435000C3F2D5 /* Resources */ = {
			isa = PBXResourcesBuildPhase;
			buildActionMask = 2147483647;
			files = (
			);
			runOnlyForDeploymentPostprocessing = 0;
		};
/* End PBXResourcesBuildPhase section */

/* Begin PBXSourcesBuildPhase section */
		603BB3542352434E00C3F2D5 /* Sources */ = {
			isa = PBXSourcesBuildPhase;
			buildActionMask = 2147483647;
			files = (
				60C4266D235A31DB006A7216 /* photoCell.swift in Sources */,
				603BB38C235243DD00C3F2D5 /* PhotosViewController.swift in Sources */,
				603BB35C2352434E00C3F2D5 /* AppDelegate.swift in Sources */,
				609DFFDD235A343300751E2D /* detailViewController.swift in Sources */,
				603BB35E2352434E00C3F2D5 /* SceneDelegate.swift in Sources */,
			);
			runOnlyForDeploymentPostprocessing = 0;
		};
		603BB36A2352435000C3F2D5 /* Sources */ = {
			isa = PBXSourcesBuildPhase;
			buildActionMask = 2147483647;
			files = (
				603BB3732352435000C3F2D5 /* Tumblr_LabTests.swift in Sources */,
			);
			runOnlyForDeploymentPostprocessing = 0;
		};
		603BB3752352435000C3F2D5 /* Sources */ = {
			isa = PBXSourcesBuildPhase;
			buildActionMask = 2147483647;
			files = (
				603BB37E2352435000C3F2D5 /* Tumblr_LabUITests.swift in Sources */,
			);
			runOnlyForDeploymentPostprocessing = 0;
		};
/* End PBXSourcesBuildPhase section */

/* Begin PBXTargetDependency section */
		603BB3702352435000C3F2D5 /* PBXTargetDependency */ = {
			isa = PBXTargetDependency;
			target = 603BB3572352434E00C3F2D5 /* Tumblr_Lab */;
			targetProxy = 603BB36F2352435000C3F2D5 /* PBXContainerItemProxy */;
		};
		603BB37B2352435000C3F2D5 /* PBXTargetDependency */ = {
			isa = PBXTargetDependency;
			target = 603BB3572352434E00C3F2D5 /* Tumblr_Lab */;
			targetProxy = 603BB37A2352435000C3F2D5 /* PBXContainerItemProxy */;
		};
/* End PBXTargetDependency section */

/* Begin PBXVariantGroup section */
		603BB3612352434E00C3F2D5 /* Main.storyboard */ = {
			isa = PBXVariantGroup;
			children = (
				603BB3622352434E00C3F2D5 /* Base */,
			);
			name = Main.storyboard;
			sourceTree = "<group>";
		};
		603BB3662352435000C3F2D5 /* LaunchScreen.storyboard */ = {
			isa = PBXVariantGroup;
			children = (
				603BB3672352435000C3F2D5 /* Base */,
			);
			name = LaunchScreen.storyboard;
			sourceTree = "<group>";
		};
		60C4266B235A31DB006A7216 /* photoCell.swift */ = {
			isa = PBXVariantGroup;
			children = (
				60C4266C235A31DB006A7216 /* Base */,
			);
			name = photoCell.swift;
			sourceTree = "<group>";
		};
/* End PBXVariantGroup section */

/* Begin XCBuildConfiguration section */
		603BB3802352435000C3F2D5 /* Debug */ = {
			isa = XCBuildConfiguration;
			buildSettings = {
				ALWAYS_SEARCH_USER_PATHS = NO;
				CLANG_ANALYZER_NONNULL = YES;
				CLANG_ANALYZER_NUMBER_OBJECT_CONVERSION = YES_AGGRESSIVE;
				CLANG_CXX_LANGUAGE_STANDARD = "gnu++14";
				CLANG_CXX_LIBRARY = "libc++";
				CLANG_ENABLE_MODULES = YES;
				CLANG_ENABLE_OBJC_ARC = YES;
				CLANG_ENABLE_OBJC_WEAK = YES;
				CLANG_WARN_BLOCK_CAPTURE_AUTORELEASING = YES;
				CLANG_WARN_BOOL_CONVERSION = YES;
				CLANG_WARN_COMMA = YES;
				CLANG_WARN_CONSTANT_CONVERSION = YES;
				CLANG_WARN_DEPRECATED_OBJC_IMPLEMENTATIONS = YES;
				CLANG_WARN_DIRECT_OBJC_ISA_USAGE = YES_ERROR;
				CLANG_WARN_DOCUMENTATION_COMMENTS = YES;
				CLANG_WARN_EMPTY_BODY = YES;
				CLANG_WARN_ENUM_CONVERSION = YES;
				CLANG_WARN_INFINITE_RECURSION = YES;
				CLANG_WARN_INT_CONVERSION = YES;
				CLANG_WARN_NON_LITERAL_NULL_CONVERSION = YES;
				CLANG_WARN_OBJC_IMPLICIT_RETAIN_SELF = YES;
				CLANG_WARN_OBJC_LITERAL_CONVERSION = YES;
				CLANG_WARN_OBJC_ROOT_CLASS = YES_ERROR;
				CLANG_WARN_RANGE_LOOP_ANALYSIS = YES;
				CLANG_WARN_STRICT_PROTOTYPES = YES;
				CLANG_WARN_SUSPICIOUS_MOVE = YES;
				CLANG_WARN_UNGUARDED_AVAILABILITY = YES_AGGRESSIVE;
				CLANG_WARN_UNREACHABLE_CODE = YES;
				CLANG_WARN__DUPLICATE_METHOD_MATCH = YES;
				COPY_PHASE_STRIP = NO;
				DEBUG_INFORMATION_FORMAT = dwarf;
				ENABLE_STRICT_OBJC_MSGSEND = YES;
				ENABLE_TESTABILITY = YES;
				GCC_C_LANGUAGE_STANDARD = gnu11;
				GCC_DYNAMIC_NO_PIC = NO;
				GCC_NO_COMMON_BLOCKS = YES;
				GCC_OPTIMIZATION_LEVEL = 0;
				GCC_PREPROCESSOR_DEFINITIONS = (
					"DEBUG=1",
					"$(inherited)",
				);
				GCC_WARN_64_TO_32_BIT_CONVERSION = YES;
				GCC_WARN_ABOUT_RETURN_TYPE = YES_ERROR;
				GCC_WARN_UNDECLARED_SELECTOR = YES;
				GCC_WARN_UNINITIALIZED_AUTOS = YES_AGGRESSIVE;
				GCC_WARN_UNUSED_FUNCTION = YES;
				GCC_WARN_UNUSED_VARIABLE = YES;
				IPHONEOS_DEPLOYMENT_TARGET = 13.0;
				MTL_ENABLE_DEBUG_INFO = INCLUDE_SOURCE;
				MTL_FAST_MATH = YES;
				ONLY_ACTIVE_ARCH = YES;
				SDKROOT = iphoneos;
				SWIFT_ACTIVE_COMPILATION_CONDITIONS = DEBUG;
				SWIFT_OPTIMIZATION_LEVEL = "-Onone";
			};
			name = Debug;
		};
		603BB3812352435000C3F2D5 /* Release */ = {
			isa = XCBuildConfiguration;
			buildSettings = {
				ALWAYS_SEARCH_USER_PATHS = NO;
				CLANG_ANALYZER_NONNULL = YES;
				CLANG_ANALYZER_NUMBER_OBJECT_CONVERSION = YES_AGGRESSIVE;
				CLANG_CXX_LANGUAGE_STANDARD = "gnu++14";
				CLANG_CXX_LIBRARY = "libc++";
				CLANG_ENABLE_MODULES = YES;
				CLANG_ENABLE_OBJC_ARC = YES;
				CLANG_ENABLE_OBJC_WEAK = YES;
				CLANG_WARN_BLOCK_CAPTURE_AUTORELEASING = YES;
				CLANG_WARN_BOOL_CONVERSION = YES;
				CLANG_WARN_COMMA = YES;
				CLANG_WARN_CONSTANT_CONVERSION = YES;
				CLANG_WARN_DEPRECATED_OBJC_IMPLEMENTATIONS = YES;
				CLANG_WARN_DIRECT_OBJC_ISA_USAGE = YES_ERROR;
				CLANG_WARN_DOCUMENTATION_COMMENTS = YES;
				CLANG_WARN_EMPTY_BODY = YES;
				CLANG_WARN_ENUM_CONVERSION = YES;
				CLANG_WARN_INFINITE_RECURSION = YES;
				CLANG_WARN_INT_CONVERSION = YES;
				CLANG_WARN_NON_LITERAL_NULL_CONVERSION = YES;
				CLANG_WARN_OBJC_IMPLICIT_RETAIN_SELF = YES;
				CLANG_WARN_OBJC_LITERAL_CONVERSION = YES;
				CLANG_WARN_OBJC_ROOT_CLASS = YES_ERROR;
				CLANG_WARN_RANGE_LOOP_ANALYSIS = YES;
				CLANG_WARN_STRICT_PROTOTYPES = YES;
				CLANG_WARN_SUSPICIOUS_MOVE = YES;
				CLANG_WARN_UNGUARDED_AVAILABILITY = YES_AGGRESSIVE;
				CLANG_WARN_UNREACHABLE_CODE = YES;
				CLANG_WARN__DUPLICATE_METHOD_MATCH = YES;
				COPY_PHASE_STRIP = NO;
				DEBUG_INFORMATION_FORMAT = "dwarf-with-dsym";
				ENABLE_NS_ASSERTIONS = NO;
				ENABLE_STRICT_OBJC_MSGSEND = YES;
				GCC_C_LANGUAGE_STANDARD = gnu11;
				GCC_NO_COMMON_BLOCKS = YES;
				GCC_WARN_64_TO_32_BIT_CONVERSION = YES;
				GCC_WARN_ABOUT_RETURN_TYPE = YES_ERROR;
				GCC_WARN_UNDECLARED_SELECTOR = YES;
				GCC_WARN_UNINITIALIZED_AUTOS = YES_AGGRESSIVE;
				GCC_WARN_UNUSED_FUNCTION = YES;
				GCC_WARN_UNUSED_VARIABLE = YES;
				IPHONEOS_DEPLOYMENT_TARGET = 13.0;
				MTL_ENABLE_DEBUG_INFO = NO;
				MTL_FAST_MATH = YES;
				SDKROOT = iphoneos;
				SWIFT_COMPILATION_MODE = wholemodule;
				SWIFT_OPTIMIZATION_LEVEL = "-O";
				VALIDATE_PRODUCT = YES;
			};
			name = Release;
		};
		603BB3832352435000C3F2D5 /* Debug */ = {
			isa = XCBuildConfiguration;
			buildSettings = {
				ASSETCATALOG_COMPILER_APPICON_NAME = AppIcon;
				CODE_SIGN_STYLE = Automatic;
				DEVELOPMENT_TEAM = 9D42V74SS4;
				INFOPLIST_FILE = Tumblr_Lab/Info.plist;
				LD_RUNPATH_SEARCH_PATHS = (
					"$(inherited)",
					"@executable_path/Frameworks",
				);
				PRODUCT_BUNDLE_IDENTIFIER = "com.codepath.Tumblr-Lab";
				PRODUCT_NAME = "$(TARGET_NAME)";
				SWIFT_VERSION = 5.0;
				TARGETED_DEVICE_FAMILY = "1,2";
			};
			name = Debug;
		};
		603BB3842352435000C3F2D5 /* Release */ = {
			isa = XCBuildConfiguration;
			buildSettings = {
				ASSETCATALOG_COMPILER_APPICON_NAME = AppIcon;
				CODE_SIGN_STYLE = Automatic;
				DEVELOPMENT_TEAM = 9D42V74SS4;
				INFOPLIST_FILE = Tumblr_Lab/Info.plist;
				LD_RUNPATH_SEARCH_PATHS = (
					"$(inherited)",
					"@executable_path/Frameworks",
				);
				PRODUCT_BUNDLE_IDENTIFIER = "com.codepath.Tumblr-Lab";
				PRODUCT_NAME = "$(TARGET_NAME)";
				SWIFT_VERSION = 5.0;
				TARGETED_DEVICE_FAMILY = "1,2";
			};
			name = Release;
		};
		603BB3862352435000C3F2D5 /* Debug */ = {
			isa = XCBuildConfiguration;
			buildSettings = {
				ALWAYS_EMBED_SWIFT_STANDARD_LIBRARIES = YES;
				BUNDLE_LOADER = "$(TEST_HOST)";
				CODE_SIGN_STYLE = Automatic;
				DEVELOPMENT_TEAM = 9D42V74SS4;
				INFOPLIST_FILE = Tumblr_LabTests/Info.plist;
				IPHONEOS_DEPLOYMENT_TARGET = 13.0;
				LD_RUNPATH_SEARCH_PATHS = (
					"$(inherited)",
					"@executable_path/Frameworks",
					"@loader_path/Frameworks",
				);
				PRODUCT_BUNDLE_IDENTIFIER = "com.codepath.Tumblr-LabTests";
				PRODUCT_NAME = "$(TARGET_NAME)";
				SWIFT_VERSION = 5.0;
				TARGETED_DEVICE_FAMILY = "1,2";
				TEST_HOST = "$(BUILT_PRODUCTS_DIR)/Tumblr_Lab.app/Tumblr_Lab";
			};
			name = Debug;
		};
		603BB3872352435000C3F2D5 /* Release */ = {
			isa = XCBuildConfiguration;
			buildSettings = {
				ALWAYS_EMBED_SWIFT_STANDARD_LIBRARIES = YES;
				BUNDLE_LOADER = "$(TEST_HOST)";
				CODE_SIGN_STYLE = Automatic;
				DEVELOPMENT_TEAM = 9D42V74SS4;
				INFOPLIST_FILE = Tumblr_LabTests/Info.plist;
				IPHONEOS_DEPLOYMENT_TARGET = 13.0;
				LD_RUNPATH_SEARCH_PATHS = (
					"$(inherited)",
					"@executable_path/Frameworks",
					"@loader_path/Frameworks",
				);
				PRODUCT_BUNDLE_IDENTIFIER = "com.codepath.Tumblr-LabTests";
				PRODUCT_NAME = "$(TARGET_NAME)";
				SWIFT_VERSION = 5.0;
				TARGETED_DEVICE_FAMILY = "1,2";
				TEST_HOST = "$(BUILT_PRODUCTS_DIR)/Tumblr_Lab.app/Tumblr_Lab";
			};
			name = Release;
		};
		603BB3892352435000C3F2D5 /* Debug */ = {
			isa = XCBuildConfiguration;
			buildSettings = {
				ALWAYS_EMBED_SWIFT_STANDARD_LIBRARIES = YES;
				CODE_SIGN_STYLE = Automatic;
				DEVELOPMENT_TEAM = 9D42V74SS4;
				INFOPLIST_FILE = Tumblr_LabUITests/Info.plist;
				LD_RUNPATH_SEARCH_PATHS = (
					"$(inherited)",
					"@executable_path/Frameworks",
					"@loader_path/Frameworks",
				);
				PRODUCT_BUNDLE_IDENTIFIER = "com.codepath.Tumblr-LabUITests";
				PRODUCT_NAME = "$(TARGET_NAME)";
				SWIFT_VERSION = 5.0;
				TARGETED_DEVICE_FAMILY = "1,2";
				TEST_TARGET_NAME = Tumblr_Lab;
			};
			name = Debug;
		};
		603BB38A2352435000C3F2D5 /* Release */ = {
			isa = XCBuildConfiguration;
			buildSettings = {
				ALWAYS_EMBED_SWIFT_STANDARD_LIBRARIES = YES;
				CODE_SIGN_STYLE = Automatic;
				DEVELOPMENT_TEAM = 9D42V74SS4;
				INFOPLIST_FILE = Tumblr_LabUITests/Info.plist;
				LD_RUNPATH_SEARCH_PATHS = (
					"$(inherited)",
					"@executable_path/Frameworks",
					"@loader_path/Frameworks",
				);
				PRODUCT_BUNDLE_IDENTIFIER = "com.codepath.Tumblr-LabUITests";
				PRODUCT_NAME = "$(TARGET_NAME)";
				SWIFT_VERSION = 5.0;
				TARGETED_DEVICE_FAMILY = "1,2";
				TEST_TARGET_NAME = Tumblr_Lab;
			};
			name = Release;
		};
/* End XCBuildConfiguration section */

/* Begin XCConfigurationList section */
		603BB3532352434E00C3F2D5 /* Build configuration list for PBXProject "Tumblr_Lab" */ = {
			isa = XCConfigurationList;
			buildConfigurations = (
				603BB3802352435000C3F2D5 /* Debug */,
				603BB3812352435000C3F2D5 /* Release */,
			);
			defaultConfigurationIsVisible = 0;
			defaultConfigurationName = Release;
		};
		603BB3822352435000C3F2D5 /* Build configuration list for PBXNativeTarget "Tumblr_Lab" */ = {
			isa = XCConfigurationList;
			buildConfigurations = (
				603BB3832352435000C3F2D5 /* Debug */,
				603BB3842352435000C3F2D5 /* Release */,
			);
			defaultConfigurationIsVisible = 0;
			defaultConfigurationName = Release;
		};
		603BB3852352435000C3F2D5 /* Build configuration list for PBXNativeTarget "Tumblr_LabTests" */ = {
			isa = XCConfigurationList;
			buildConfigurations = (
				603BB3862352435000C3F2D5 /* Debug */,
				603BB3872352435000C3F2D5 /* Release */,
			);
			defaultConfigurationIsVisible = 0;
			defaultConfigurationName = Release;
		};
		603BB3882352435000C3F2D5 /* Build configuration list for PBXNativeTarget "Tumblr_LabUITests" */ = {
			isa = XCConfigurationList;
			buildConfigurations = (
				603BB3892352435000C3F2D5 /* Debug */,
				603BB38A2352435000C3F2D5 /* Release */,
			);
			defaultConfigurationIsVisible = 0;
			defaultConfigurationName = Release;
		};
/* End XCConfigurationList section */
	};
	rootObject = 603BB3502352434E00C3F2D5 /* Project object */;
}
